
Microsoft Visual Studio Solution File, Format Version 12.00
# Visual Studio Version 17
VisualStudioVersion = 17.7.34031.279
MinimumVisualStudioVersion = 10.0.40219.1
Project("{FAE04EC0-301F-11D3-BF4B-00C04F79EFBC}") = "PrimeraPracticaDeArreglos_SLE", "PrimeraPracticaDeArreglos_SLE.csproj", "{57F27A77-4C0A-4161-A428-5999548B73FF}"
EndProject
Global
	GlobalSection(SolutionConfigurationPlatforms) = preSolution
		Debug|Any CPU = Debug|Any CPU
		Release|Any CPU = Release|Any CPU
	EndGlobalSection
	GlobalSection(ProjectConfigurationPlatforms) = postSolution
		{57F27A77-4C0A-4161-A428-5999548B73FF}.Debug|Any CPU.ActiveCfg = Debug|Any CPU
		{57F27A77-4C0A-4161-A428-5999548B73FF}.Debug|Any CPU.Build.0 = Debug|Any CPU
		{57F27A77-4C0A-4161-A428-5999548B73FF}.Release|Any CPU.ActiveCfg = Release|Any CPU
		{57F27A77-4C0A-4161-A428-5999548B73FF}.Release|Any CPU.Build.0 = Release|Any CPU
	EndGlobalSection
	GlobalSection(SolutionProperties) = preSolution
		HideSolutionNode = FALSE
	EndGlobalSection
	GlobalSection(ExtensibilityGlobals) = postSolution
		SolutionGuid = {1BF3CC67-C1DD-49B9-876B-F354C03C1E44}
	EndGlobalSection
EndGlobal
